// !$*UTF8*$!
{
	archiveVersion = 1;
	classes = {
	};
	objectVersion = 46;
	objects = {

/* Begin PBXBuildFile section */
		497032411DCB2941003E49EC /* BaseController.swift in Sources */ = {isa = PBXBuildFile; fileRef = 497032401DCB2941003E49EC /* BaseController.swift */; };
		499E65301DC9BD960052F35C /* ResultController.swift in Sources */ = {isa = PBXBuildFile; fileRef = 499E652F1DC9BD960052F35C /* ResultController.swift */; };
		499E65321DC9C1360052F35C /* DetailController.swift in Sources */ = {isa = PBXBuildFile; fileRef = 499E65311DC9C1360052F35C /* DetailController.swift */; };
		499E65371DC9C2530052F35C /* AnswerCell.swift in Sources */ = {isa = PBXBuildFile; fileRef = 499E65361DC9C2530052F35C /* AnswerCell.swift */; };
		499E653A1DC9CA270052F35C /* QuestionUtil.swift in Sources */ = {isa = PBXBuildFile; fileRef = 499E65391DC9CA270052F35C /* QuestionUtil.swift */; };
		49BC429C1DC82806008BDB9E /* Question1Controller.swift in Sources */ = {isa = PBXBuildFile; fileRef = 49BC429B1DC82806008BDB9E /* Question1Controller.swift */; };
		49BC429E1DC82823008BDB9E /* Question2Controller.swift in Sources */ = {isa = PBXBuildFile; fileRef = 49BC429D1DC82823008BDB9E /* Question2Controller.swift */; };
		49BC42A01DC82A33008BDB9E /* QuestionCell.swift in Sources */ = {isa = PBXBuildFile; fileRef = 49BC429F1DC82A33008BDB9E /* QuestionCell.swift */; };
		49BC42A21DC830AA008BDB9E /* Question3Controller.swift in Sources */ = {isa = PBXBuildFile; fileRef = 49BC42A11DC830AA008BDB9E /* Question3Controller.swift */; };
		49BC42A41DC830B6008BDB9E /* Question4Controller.swift in Sources */ = {isa = PBXBuildFile; fileRef = 49BC42A31DC830B6008BDB9E /* Question4Controller.swift */; };
		49BC42A61DC83150008BDB9E /* PlusAndMinusView.swift in Sources */ = {isa = PBXBuildFile; fileRef = 49BC42A51DC83150008BDB9E /* PlusAndMinusView.swift */; };
		49BC42E11DC87CBD008BDB9E /* Model.xcdatamodeld in Sources */ = {isa = PBXBuildFile; fileRef = 49BC42DF1DC87CBD008BDB9E /* Model.xcdatamodeld */; };
		49BC42ED1DC880EC008BDB9E /* DateUtil.swift in Sources */ = {isa = PBXBuildFile; fileRef = 49BC42EC1DC880EC008BDB9E /* DateUtil.swift */; };
		49BC42F61DC88439008BDB9E /* Question+CoreDataClass.swift in Sources */ = {isa = PBXBuildFile; fileRef = 49BC42F21DC88439008BDB9E /* Question+CoreDataClass.swift */; };
		49BC42F71DC88439008BDB9E /* Question+CoreDataProperties.swift in Sources */ = {isa = PBXBuildFile; fileRef = 49BC42F31DC88439008BDB9E /* Question+CoreDataProperties.swift */; };
		49BC42F81DC88439008BDB9E /* Questionnaire+CoreDataClass.swift in Sources */ = {isa = PBXBuildFile; fileRef = 49BC42F41DC88439008BDB9E /* Questionnaire+CoreDataClass.swift */; };
		49BC42F91DC88439008BDB9E /* Questionnaire+CoreDataProperties.swift in Sources */ = {isa = PBXBuildFile; fileRef = 49BC42F51DC88439008BDB9E /* Questionnaire+CoreDataProperties.swift */; };
		49D7702A1DC7233C001C0D70 /* AppDelegate.swift in Sources */ = {isa = PBXBuildFile; fileRef = 49D770291DC7233C001C0D70 /* AppDelegate.swift */; };
		49D7702C1DC7233C001C0D70 /* RootViewController.swift in Sources */ = {isa = PBXBuildFile; fileRef = 49D7702B1DC7233C001C0D70 /* RootViewController.swift */; };
		49D7702E1DC7233C001C0D70 /* DataViewController.swift in Sources */ = {isa = PBXBuildFile; fileRef = 49D7702D1DC7233C001C0D70 /* DataViewController.swift */; };
		49D770301DC7233C001C0D70 /* ModelController.swift in Sources */ = {isa = PBXBuildFile; fileRef = 49D7702F1DC7233C001C0D70 /* ModelController.swift */; };
		49D770331DC7233C001C0D70 /* Main.storyboard in Resources */ = {isa = PBXBuildFile; fileRef = 49D770311DC7233C001C0D70 /* Main.storyboard */; };
		49D770351DC7233C001C0D70 /* Assets.xcassets in Resources */ = {isa = PBXBuildFile; fileRef = 49D770341DC7233C001C0D70 /* Assets.xcassets */; };
		49D770381DC7233C001C0D70 /* LaunchScreen.storyboard in Resources */ = {isa = PBXBuildFile; fileRef = 49D770361DC7233C001C0D70 /* LaunchScreen.storyboard */; };
		49D770431DC7233C001C0D70 /* Questionnaire_ProjectTests.swift in Sources */ = {isa = PBXBuildFile; fileRef = 49D770421DC7233C001C0D70 /* Questionnaire_ProjectTests.swift */; };
		49D7704E1DC72428001C0D70 /* questionaire.json in Resources */ = {isa = PBXBuildFile; fileRef = 49D7704D1DC72428001C0D70 /* questionaire.json */; };
		49D770541DC726EE001C0D70 /* StartController.swift in Sources */ = {isa = PBXBuildFile; fileRef = 49D770531DC726EE001C0D70 /* StartController.swift */; };
		49F987B81DC7385500EA4038 /* QuestionModel.swift in Sources */ = {isa = PBXBuildFile; fileRef = 49F987B71DC7385500EA4038 /* QuestionModel.swift */; };
		49F987BB1DC73DF500EA4038 /* QuestionProtocol.swift in Sources */ = {isa = PBXBuildFile; fileRef = 49F987BA1DC73DF500EA4038 /* QuestionProtocol.swift */; };
		67062235FD6F121E909410BF /* Pods.framework in Frameworks */ = {isa = PBXBuildFile; fileRef = FE91B2CC53D51B0CD982CA46 /* Pods.framework */; };
/* End PBXBuildFile section */

/* Begin PBXContainerItemProxy section */
		49D7703F1DC7233C001C0D70 /* PBXContainerItemProxy */ = {
			isa = PBXContainerItemProxy;
			containerPortal = 49D7701E1DC7233C001C0D70 /* Project object */;
			proxyType = 1;
			remoteGlobalIDString = 49D770251DC7233C001C0D70;
			remoteInfo = "Questionnaire Project";
		};
/* End PBXContainerItemProxy section */

/* Begin PBXFileReference section */
		40B7BA2CF6C6C68170A23D77 /* Pods.debug.xcconfig */ = {isa = PBXFileReference; includeInIndex = 1; lastKnownFileType = text.xcconfig; name = Pods.debug.xcconfig; path = "Pods/Target Support Files/Pods/Pods.debug.xcconfig"; sourceTree = "<group>"; };
		497032401DCB2941003E49EC /* BaseController.swift */ = {isa = PBXFileReference; fileEncoding = 4; lastKnownFileType = sourcecode.swift; path = BaseController.swift; sourceTree = "<group>"; };
		499E652F1DC9BD960052F35C /* ResultController.swift */ = {isa = PBXFileReference; fileEncoding = 4; lastKnownFileType = sourcecode.swift; path = ResultController.swift; sourceTree = "<group>"; };
		499E65311DC9C1360052F35C /* DetailController.swift */ = {isa = PBXFileReference; fileEncoding = 4; lastKnownFileType = sourcecode.swift; path = DetailController.swift; sourceTree = "<group>"; };
		499E65361DC9C2530052F35C /* AnswerCell.swift */ = {isa = PBXFileReference; fileEncoding = 4; lastKnownFileType = sourcecode.swift; path = AnswerCell.swift; sourceTree = "<group>"; };
		499E65391DC9CA270052F35C /* QuestionUtil.swift */ = {isa = PBXFileReference; fileEncoding = 4; lastKnownFileType = sourcecode.swift; path = QuestionUtil.swift; sourceTree = "<group>"; };
		49BC429B1DC82806008BDB9E /* Question1Controller.swift */ = {isa = PBXFileReference; fileEncoding = 4; lastKnownFileType = sourcecode.swift; path = Question1Controller.swift; sourceTree = "<group>"; };
		49BC429D1DC82823008BDB9E /* Question2Controller.swift */ = {isa = PBXFileReference; fileEncoding = 4; lastKnownFileType = sourcecode.swift; path = Question2Controller.swift; sourceTree = "<group>"; };
		49BC429F1DC82A33008BDB9E /* QuestionCell.swift */ = {isa = PBXFileReference; fileEncoding = 4; lastKnownFileType = sourcecode.swift; path = QuestionCell.swift; sourceTree = "<group>"; };
		49BC42A11DC830AA008BDB9E /* Question3Controller.swift */ = {isa = PBXFileReference; fileEncoding = 4; lastKnownFileType = sourcecode.swift; path = Question3Controller.swift; sourceTree = "<group>"; };
		49BC42A31DC830B6008BDB9E /* Question4Controller.swift */ = {isa = PBXFileReference; fileEncoding = 4; lastKnownFileType = sourcecode.swift; path = Question4Controller.swift; sourceTree = "<group>"; };
		49BC42A51DC83150008BDB9E /* PlusAndMinusView.swift */ = {isa = PBXFileReference; fileEncoding = 4; lastKnownFileType = sourcecode.swift; path = PlusAndMinusView.swift; sourceTree = "<group>"; };
		49BC42E01DC87CBD008BDB9E /* Model.xcdatamodel */ = {isa = PBXFileReference; lastKnownFileType = wrapper.xcdatamodel; path = Model.xcdatamodel; sourceTree = "<group>"; };
		49BC42EC1DC880EC008BDB9E /* DateUtil.swift */ = {isa = PBXFileReference; fileEncoding = 4; lastKnownFileType = sourcecode.swift; path = DateUtil.swift; sourceTree = "<group>"; };
		49BC42F21DC88439008BDB9E /* Question+CoreDataClass.swift */ = {isa = PBXFileReference; fileEncoding = 4; lastKnownFileType = sourcecode.swift; path = "Question+CoreDataClass.swift"; sourceTree = "<group>"; };
		49BC42F31DC88439008BDB9E /* Question+CoreDataProperties.swift */ = {isa = PBXFileReference; fileEncoding = 4; lastKnownFileType = sourcecode.swift; path = "Question+CoreDataProperties.swift"; sourceTree = "<group>"; };
		49BC42F41DC88439008BDB9E /* Questionnaire+CoreDataClass.swift */ = {isa = PBXFileReference; fileEncoding = 4; lastKnownFileType = sourcecode.swift; path = "Questionnaire+CoreDataClass.swift"; sourceTree = "<group>"; };
		49BC42F51DC88439008BDB9E /* Questionnaire+CoreDataProperties.swift */ = {isa = PBXFileReference; fileEncoding = 4; lastKnownFileType = sourcecode.swift; path = "Questionnaire+CoreDataProperties.swift"; sourceTree = "<group>"; };
		49D770261DC7233C001C0D70 /* Questionnaire Project.app */ = {isa = PBXFileReference; explicitFileType = wrapper.application; includeInIndex = 0; path = "Questionnaire Project.app"; sourceTree = BUILT_PRODUCTS_DIR; };
		49D770291DC7233C001C0D70 /* AppDelegate.swift */ = {isa = PBXFileReference; lastKnownFileType = sourcecode.swift; path = AppDelegate.swift; sourceTree = "<group>"; };
		49D7702B1DC7233C001C0D70 /* RootViewController.swift */ = {isa = PBXFileReference; lastKnownFileType = sourcecode.swift; path = RootViewController.swift; sourceTree = "<group>"; };
		49D7702D1DC7233C001C0D70 /* DataViewController.swift */ = {isa = PBXFileReference; lastKnownFileType = sourcecode.swift; path = DataViewController.swift; sourceTree = "<group>"; };
		49D7702F1DC7233C001C0D70 /* ModelController.swift */ = {isa = PBXFileReference; lastKnownFileType = sourcecode.swift; path = ModelController.swift; sourceTree = "<group>"; };
		49D770321DC7233C001C0D70 /* Base */ = {isa = PBXFileReference; lastKnownFileType = file.storyboard; name = Base; path = Base.lproj/Main.storyboard; sourceTree = "<group>"; };
		49D770341DC7233C001C0D70 /* Assets.xcassets */ = {isa = PBXFileReference; lastKnownFileType = folder.assetcatalog; path = Assets.xcassets; sourceTree = "<group>"; };
		49D770371DC7233C001C0D70 /* Base */ = {isa = PBXFileReference; lastKnownFileType = file.storyboard; name = Base; path = Base.lproj/LaunchScreen.storyboard; sourceTree = "<group>"; };
		49D770391DC7233C001C0D70 /* Info.plist */ = {isa = PBXFileReference; lastKnownFileType = text.plist.xml; path = Info.plist; sourceTree = "<group>"; };
		49D7703E1DC7233C001C0D70 /* Questionnaire ProjectTests.xctest */ = {isa = PBXFileReference; explicitFileType = wrapper.cfbundle; includeInIndex = 0; path = "Questionnaire ProjectTests.xctest"; sourceTree = BUILT_PRODUCTS_DIR; };
		49D770421DC7233C001C0D70 /* Questionnaire_ProjectTests.swift */ = {isa = PBXFileReference; lastKnownFileType = sourcecode.swift; path = Questionnaire_ProjectTests.swift; sourceTree = "<group>"; };
		49D770441DC7233D001C0D70 /* Info.plist */ = {isa = PBXFileReference; lastKnownFileType = text.plist.xml; path = Info.plist; sourceTree = "<group>"; };
		49D7704D1DC72428001C0D70 /* questionaire.json */ = {isa = PBXFileReference; fileEncoding = 4; lastKnownFileType = text.json; path = questionaire.json; sourceTree = "<group>"; };
		49D770531DC726EE001C0D70 /* StartController.swift */ = {isa = PBXFileReference; fileEncoding = 4; lastKnownFileType = sourcecode.swift; path = StartController.swift; sourceTree = "<group>"; };
		49F987B71DC7385500EA4038 /* QuestionModel.swift */ = {isa = PBXFileReference; fileEncoding = 4; lastKnownFileType = sourcecode.swift; path = QuestionModel.swift; sourceTree = "<group>"; };
		49F987BA1DC73DF500EA4038 /* QuestionProtocol.swift */ = {isa = PBXFileReference; fileEncoding = 4; lastKnownFileType = sourcecode.swift; path = QuestionProtocol.swift; sourceTree = "<group>"; };
		667F404E667FAB8173A13ED9 /* Pods.release.xcconfig */ = {isa = PBXFileReference; includeInIndex = 1; lastKnownFileType = text.xcconfig; name = Pods.release.xcconfig; path = "Pods/Target Support Files/Pods/Pods.release.xcconfig"; sourceTree = "<group>"; };
		FE91B2CC53D51B0CD982CA46 /* Pods.framework */ = {isa = PBXFileReference; explicitFileType = wrapper.framework; includeInIndex = 0; path = Pods.framework; sourceTree = BUILT_PRODUCTS_DIR; };
/* End PBXFileReference section */

/* Begin PBXFrameworksBuildPhase section */
		49D770231DC7233C001C0D70 /* Frameworks */ = {
			isa = PBXFrameworksBuildPhase;
			buildActionMask = 2147483647;
			files = (
				67062235FD6F121E909410BF /* Pods.framework in Frameworks */,
			);
			runOnlyForDeploymentPostprocessing = 0;
		};
		49D7703B1DC7233C001C0D70 /* Frameworks */ = {
			isa = PBXFrameworksBuildPhase;
			buildActionMask = 2147483647;
			files = (
			);
			runOnlyForDeploymentPostprocessing = 0;
		};
/* End PBXFrameworksBuildPhase section */

/* Begin PBXGroup section */
		499E65331DC9C2130052F35C /* View */ = {
			isa = PBXGroup;
			children = (
				49BC429F1DC82A33008BDB9E /* QuestionCell.swift */,
				49BC42A51DC83150008BDB9E /* PlusAndMinusView.swift */,
				499E65361DC9C2530052F35C /* AnswerCell.swift */,
			);
			name = View;
			sourceTree = "<group>";
		};
		499E65381DC9C95C0052F35C /* PageViewController */ = {
			isa = PBXGroup;
			children = (
				49D7702B1DC7233C001C0D70 /* RootViewController.swift */,
				49D7702D1DC7233C001C0D70 /* DataViewController.swift */,
				49D7702F1DC7233C001C0D70 /* ModelController.swift */,
			);
			name = PageViewController;
			sourceTree = "<group>";
		};
		49BC429A1DC827E9008BDB9E /* Question */ = {
			isa = PBXGroup;
			children = (
				49BC429B1DC82806008BDB9E /* Question1Controller.swift */,
				49BC429D1DC82823008BDB9E /* Question2Controller.swift */,
				49BC42A11DC830AA008BDB9E /* Question3Controller.swift */,
				49BC42A31DC830B6008BDB9E /* Question4Controller.swift */,
			);
			name = Question;
			sourceTree = "<group>";
		};
		49BC42E21DC87ED8008BDB9E /* CoreData */ = {
			isa = PBXGroup;
			children = (
				49BC42F21DC88439008BDB9E /* Question+CoreDataClass.swift */,
				49BC42F31DC88439008BDB9E /* Question+CoreDataProperties.swift */,
				49BC42F41DC88439008BDB9E /* Questionnaire+CoreDataClass.swift */,
				49BC42F51DC88439008BDB9E /* Questionnaire+CoreDataProperties.swift */,
			);
			name = CoreData;
			sourceTree = "<group>";
		};
		49BC42EB1DC880DB008BDB9E /* Utils */ = {
			isa = PBXGroup;
			children = (
				49BC42EC1DC880EC008BDB9E /* DateUtil.swift */,
				499E65391DC9CA270052F35C /* QuestionUtil.swift */,
			);
			name = Utils;
			sourceTree = "<group>";
		};
		49D7701D1DC7233C001C0D70 = {
			isa = PBXGroup;
			children = (
				49D770281DC7233C001C0D70 /* Questionnaire Project */,
				49D770411DC7233C001C0D70 /* Questionnaire ProjectTests */,
				49D770271DC7233C001C0D70 /* Products */,
				64ACC4C20242759755CB49AB /* Pods */,
				95B142F3818C8D9846B998ED /* Frameworks */,
			);
			sourceTree = "<group>";
		};
		49D770271DC7233C001C0D70 /* Products */ = {
			isa = PBXGroup;
			children = (
				49D770261DC7233C001C0D70 /* Questionnaire Project.app */,
				49D7703E1DC7233C001C0D70 /* Questionnaire ProjectTests.xctest */,
			);
			name = Products;
			sourceTree = "<group>";
		};
		49D770281DC7233C001C0D70 /* Questionnaire Project */ = {
			isa = PBXGroup;
			children = (
				499E65331DC9C2130052F35C /* View */,
				49BC42EB1DC880DB008BDB9E /* Utils */,
				49BC42E21DC87ED8008BDB9E /* CoreData */,
				49D770521DC7244A001C0D70 /* Model */,
				49D770501DC7243D001C0D70 /* Controller */,
				49D7704F1DC7242D001C0D70 /* Support files */,
				49D770291DC7233C001C0D70 /* AppDelegate.swift */,
				49BC42DF1DC87CBD008BDB9E /* Model.xcdatamodeld */,
			);
			path = "Questionnaire Project";
			sourceTree = "<group>";
		};
		49D770411DC7233C001C0D70 /* Questionnaire ProjectTests */ = {
			isa = PBXGroup;
			children = (
				49D770421DC7233C001C0D70 /* Questionnaire_ProjectTests.swift */,
				49D770441DC7233D001C0D70 /* Info.plist */,
			);
			path = "Questionnaire ProjectTests";
			sourceTree = "<group>";
		};
		49D7704F1DC7242D001C0D70 /* Support files */ = {
			isa = PBXGroup;
			children = (
				49D7704D1DC72428001C0D70 /* questionaire.json */,
				49D770311DC7233C001C0D70 /* Main.storyboard */,
				49D770341DC7233C001C0D70 /* Assets.xcassets */,
				49D770361DC7233C001C0D70 /* LaunchScreen.storyboard */,
				49D770391DC7233C001C0D70 /* Info.plist */,
			);
			name = "Support files";
			sourceTree = "<group>";
		};
		49D770501DC7243D001C0D70 /* Controller */ = {
			isa = PBXGroup;
			children = (
				499E65381DC9C95C0052F35C /* PageViewController */,
				49BC429A1DC827E9008BDB9E /* Question */,
				49F987B91DC73DDC00EA4038 /* Protocol */,
				49D770531DC726EE001C0D70 /* StartController.swift */,
				499E652F1DC9BD960052F35C /* ResultController.swift */,
				499E65311DC9C1360052F35C /* DetailController.swift */,
				497032401DCB2941003E49EC /* BaseController.swift */,
			);
			name = Controller;
			sourceTree = "<group>";
		};
		49D770521DC7244A001C0D70 /* Model */ = {
			isa = PBXGroup;
			children = (
				49F987B71DC7385500EA4038 /* QuestionModel.swift */,
			);
			name = Model;
			sourceTree = "<group>";
		};
		49F987B91DC73DDC00EA4038 /* Protocol */ = {
			isa = PBXGroup;
			children = (
				49F987BA1DC73DF500EA4038 /* QuestionProtocol.swift */,
			);
			name = Protocol;
			sourceTree = "<group>";
		};
		64ACC4C20242759755CB49AB /* Pods */ = {
			isa = PBXGroup;
			children = (
				40B7BA2CF6C6C68170A23D77 /* Pods.debug.xcconfig */,
				667F404E667FAB8173A13ED9 /* Pods.release.xcconfig */,
			);
			name = Pods;
			sourceTree = "<group>";
		};
		95B142F3818C8D9846B998ED /* Frameworks */ = {
			isa = PBXGroup;
			children = (
				FE91B2CC53D51B0CD982CA46 /* Pods.framework */,
			);
			name = Frameworks;
			sourceTree = "<group>";
		};
/* End PBXGroup section */

/* Begin PBXNativeTarget section */
		49D770251DC7233C001C0D70 /* Questionnaire Project */ = {
			isa = PBXNativeTarget;
			buildConfigurationList = 49D770471DC7233D001C0D70 /* Build configuration list for PBXNativeTarget "Questionnaire Project" */;
			buildPhases = (
				8E65743A89E1511B9DD5C3CC /* Check Pods Manifest.lock */,
				49D770221DC7233C001C0D70 /* Sources */,
				49D770231DC7233C001C0D70 /* Frameworks */,
				49D770241DC7233C001C0D70 /* Resources */,
				9B6C51B17B143F8DEA323C87 /* Embed Pods Frameworks */,
				F3A360EB01ECBE4065E5BFD4 /* Copy Pods Resources */,
			);
			buildRules = (
			);
			dependencies = (
			);
			name = "Questionnaire Project";
			productName = "Questionnaire Project";
			productReference = 49D770261DC7233C001C0D70 /* Questionnaire Project.app */;
			productType = "com.apple.product-type.application";
		};
		49D7703D1DC7233C001C0D70 /* Questionnaire ProjectTests */ = {
			isa = PBXNativeTarget;
			buildConfigurationList = 49D7704A1DC7233D001C0D70 /* Build configuration list for PBXNativeTarget "Questionnaire ProjectTests" */;
			buildPhases = (
				49D7703A1DC7233C001C0D70 /* Sources */,
				49D7703B1DC7233C001C0D70 /* Frameworks */,
				49D7703C1DC7233C001C0D70 /* Resources */,
			);
			buildRules = (
			);
			dependencies = (
				49D770401DC7233C001C0D70 /* PBXTargetDependency */,
			);
			name = "Questionnaire ProjectTests";
			productName = "Questionnaire ProjectTests";
			productReference = 49D7703E1DC7233C001C0D70 /* Questionnaire ProjectTests.xctest */;
			productType = "com.apple.product-type.bundle.unit-test";
		};
/* End PBXNativeTarget section */

/* Begin PBXProject section */
		49D7701E1DC7233C001C0D70 /* Project object */ = {
			isa = PBXProject;
			attributes = {
				LastSwiftUpdateCheck = 0800;
				LastUpgradeCheck = 0800;
				ORGANIZATIONNAME = Andrew;
				TargetAttributes = {
					49D770251DC7233C001C0D70 = {
						CreatedOnToolsVersion = 8.0;
						DevelopmentTeam = DA9X37GALQ;
						ProvisioningStyle = Automatic;
					};
					49D7703D1DC7233C001C0D70 = {
						CreatedOnToolsVersion = 8.0;
						DevelopmentTeam = DA9X37GALQ;
						ProvisioningStyle = Automatic;
						TestTargetID = 49D770251DC7233C001C0D70;
					};
				};
			};
			buildConfigurationList = 49D770211DC7233C001C0D70 /* Build configuration list for PBXProject "Questionnaire Project" */;
			compatibilityVersion = "Xcode 3.2";
			developmentRegion = English;
			hasScannedForEncodings = 0;
			knownRegions = (
				en,
				Base,
			);
			mainGroup = 49D7701D1DC7233C001C0D70;
			productRefGroup = 49D770271DC7233C001C0D70 /* Products */;
			projectDirPath = "";
			projectRoot = "";
			targets = (
				49D770251DC7233C001C0D70 /* Questionnaire Project */,
				49D7703D1DC7233C001C0D70 /* Questionnaire ProjectTests */,
			);
		};
/* End PBXProject section */

/* Begin PBXResourcesBuildPhase section */
		49D770241DC7233C001C0D70 /* Resources */ = {
			isa = PBXResourcesBuildPhase;
			buildActionMask = 2147483647;
			files = (
				49D770381DC7233C001C0D70 /* LaunchScreen.storyboard in Resources */,
				49D770351DC7233C001C0D70 /* Assets.xcassets in Resources */,
				49D770331DC7233C001C0D70 /* Main.storyboard in Resources */,
				49D7704E1DC72428001C0D70 /* questionaire.json in Resources */,
			);
			runOnlyForDeploymentPostprocessing = 0;
		};
		49D7703C1DC7233C001C0D70 /* Resources */ = {
			isa = PBXResourcesBuildPhase;
			buildActionMask = 2147483647;
			files = (
			);
			runOnlyForDeploymentPostprocessing = 0;
		};
/* End PBXResourcesBuildPhase section */

/* Begin PBXShellScriptBuildPhase section */
		8E65743A89E1511B9DD5C3CC /* Check Pods Manifest.lock */ = {
			isa = PBXShellScriptBuildPhase;
			buildActionMask = 2147483647;
			files = (
			);
			inputPaths = (
			);
			name = "Check Pods Manifest.lock";
			outputPaths = (
			);
			runOnlyForDeploymentPostprocessing = 0;
			shellPath = /bin/sh;
			shellScript = "diff \"${PODS_ROOT}/../Podfile.lock\" \"${PODS_ROOT}/Manifest.lock\" > /dev/null\nif [[ $? != 0 ]] ; then\n    cat << EOM\nerror: The sandbox is not in sync with the Podfile.lock. Run 'pod install' or update your CocoaPods installation.\nEOM\n    exit 1\nfi\n";
			showEnvVarsInLog = 0;
		};
		9B6C51B17B143F8DEA323C87 /* Embed Pods Frameworks */ = {
			isa = PBXShellScriptBuildPhase;
			buildActionMask = 2147483647;
			files = (
			);
			inputPaths = (
			);
			name = "Embed Pods Frameworks";
			outputPaths = (
			);
			runOnlyForDeploymentPostprocessing = 0;
			shellPath = /bin/sh;
			shellScript = "\"${SRCROOT}/Pods/Target Support Files/Pods/Pods-frameworks.sh\"\n";
			showEnvVarsInLog = 0;
		};
		F3A360EB01ECBE4065E5BFD4 /* Copy Pods Resources */ = {
			isa = PBXShellScriptBuildPhase;
			buildActionMask = 2147483647;
			files = (
			);
			inputPaths = (
			);
			name = "Copy Pods Resources";
			outputPaths = (
			);
			runOnlyForDeploymentPostprocessing = 0;
			shellPath = /bin/sh;
			shellScript = "\"${SRCROOT}/Pods/Target Support Files/Pods/Pods-resources.sh\"\n";
			showEnvVarsInLog = 0;
		};
/* End PBXShellScriptBuildPhase section */

/* Begin PBXSourcesBuildPhase section */
		49D770221DC7233C001C0D70 /* Sources */ = {
			isa = PBXSourcesBuildPhase;
			buildActionMask = 2147483647;
			files = (
				49D7702C1DC7233C001C0D70 /* RootViewController.swift in Sources */,
				499E65321DC9C1360052F35C /* DetailController.swift in Sources */,
				49BC42F81DC88439008BDB9E /* Questionnaire+CoreDataClass.swift in Sources */,
				499E65371DC9C2530052F35C /* AnswerCell.swift in Sources */,
				49BC429C1DC82806008BDB9E /* Question1Controller.swift in Sources */,
				49D770301DC7233C001C0D70 /* ModelController.swift in Sources */,
				49BC42F61DC88439008BDB9E /* Question+CoreDataClass.swift in Sources */,
				49BC42ED1DC880EC008BDB9E /* DateUtil.swift in Sources */,
				49BC42E11DC87CBD008BDB9E /* Model.xcdatamodeld in Sources */,
				49F987BB1DC73DF500EA4038 /* QuestionProtocol.swift in Sources */,
				49BC42A41DC830B6008BDB9E /* Question4Controller.swift in Sources */,
				49BC42F91DC88439008BDB9E /* Questionnaire+CoreDataProperties.swift in Sources */,
				49D770541DC726EE001C0D70 /* StartController.swift in Sources */,
				49BC429E1DC82823008BDB9E /* Question2Controller.swift in Sources */,
				499E65301DC9BD960052F35C /* ResultController.swift in Sources */,
				49F987B81DC7385500EA4038 /* QuestionModel.swift in Sources */,
				49BC42A61DC83150008BDB9E /* PlusAndMinusView.swift in Sources */,
				49D7702E1DC7233C001C0D70 /* DataViewController.swift in Sources */,
				49D7702A1DC7233C001C0D70 /* AppDelegate.swift in Sources */,
				499E653A1DC9CA270052F35C /* QuestionUtil.swift in Sources */,
				49BC42A01DC82A33008BDB9E /* QuestionCell.swift in Sources */,
				49BC42F71DC88439008BDB9E /* Question+CoreDataProperties.swift in Sources */,
				497032411DCB2941003E49EC /* BaseController.swift in Sources */,
				49BC42A21DC830AA008BDB9E /* Question3Controller.swift in Sources */,
			);
			runOnlyForDeploymentPostprocessing = 0;
		};
		49D7703A1DC7233C001C0D70 /* Sources */ = {
			isa = PBXSourcesBuildPhase;
			buildActionMask = 2147483647;
			files = (
				49D770431DC7233C001C0D70 /* Questionnaire_ProjectTests.swift in Sources */,
			);
			runOnlyForDeploymentPostprocessing = 0;
		};
/* End PBXSourcesBuildPhase section */

/* Begin PBXTargetDependency section */
		49D770401DC7233C001C0D70 /* PBXTargetDependency */ = {
			isa = PBXTargetDependency;
			target = 49D770251DC7233C001C0D70 /* Questionnaire Project */;
			targetProxy = 49D7703F1DC7233C001C0D70 /* PBXContainerItemProxy */;
		};
/* End PBXTargetDependency section */

/* Begin PBXVariantGroup section */
		49D770311DC7233C001C0D70 /* Main.storyboard */ = {
			isa = PBXVariantGroup;
			children = (
				49D770321DC7233C001C0D70 /* Base */,
			);
			name = Main.storyboard;
			sourceTree = "<group>";
		};
		49D770361DC7233C001C0D70 /* LaunchScreen.storyboard */ = {
			isa = PBXVariantGroup;
			children = (
				49D770371DC7233C001C0D70 /* Base */,
			);
			name = LaunchScreen.storyboard;
			sourceTree = "<group>";
		};
/* End PBXVariantGroup section */

/* Begin XCBuildConfiguration section */
		49D770451DC7233D001C0D70 /* Debug */ = {
			isa = XCBuildConfiguration;
			buildSettings = {
				ALWAYS_SEARCH_USER_PATHS = NO;
				CLANG_ANALYZER_NONNULL = YES;
				CLANG_CXX_LANGUAGE_STANDARD = "gnu++0x";
				CLANG_CXX_LIBRARY = "libc++";
				CLANG_ENABLE_MODULES = YES;
				CLANG_ENABLE_OBJC_ARC = YES;
				CLANG_WARN_BOOL_CONVERSION = YES;
				CLANG_WARN_CONSTANT_CONVERSION = YES;
				CLANG_WARN_DIRECT_OBJC_ISA_USAGE = YES_ERROR;
				CLANG_WARN_DOCUMENTATION_COMMENTS = YES;
				CLANG_WARN_EMPTY_BODY = YES;
				CLANG_WARN_ENUM_CONVERSION = YES;
				CLANG_WARN_INFINITE_RECURSION = YES;
				CLANG_WARN_INT_CONVERSION = YES;
				CLANG_WARN_OBJC_ROOT_CLASS = YES_ERROR;
				CLANG_WARN_SUSPICIOUS_MOVES = YES;
				CLANG_WARN_UNREACHABLE_CODE = YES;
				CLANG_WARN__DUPLICATE_METHOD_MATCH = YES;
				"CODE_SIGN_IDENTITY[sdk=iphoneos*]" = "iPhone Developer";
				COPY_PHASE_STRIP = NO;
				DEBUG_INFORMATION_FORMAT = dwarf;
				ENABLE_STRICT_OBJC_MSGSEND = YES;
				ENABLE_TESTABILITY = YES;
				GCC_C_LANGUAGE_STANDARD = gnu99;
				GCC_DYNAMIC_NO_PIC = NO;
				GCC_NO_COMMON_BLOCKS = YES;
				GCC_OPTIMIZATION_LEVEL = 0;
				GCC_PREPROCESSOR_DEFINITIONS = (
					"DEBUG=1",
					"$(inherited)",
				);
				GCC_WARN_64_TO_32_BIT_CONVERSION = YES;
				GCC_WARN_ABOUT_RETURN_TYPE = YES_ERROR;
				GCC_WARN_UNDECLARED_SELECTOR = YES;
				GCC_WARN_UNINITIALIZED_AUTOS = YES_AGGRESSIVE;
				GCC_WARN_UNUSED_FUNCTION = YES;
				GCC_WARN_UNUSED_VARIABLE = YES;
				IPHONEOS_DEPLOYMENT_TARGET = 10.0;
				MTL_ENABLE_DEBUG_INFO = YES;
				ONLY_ACTIVE_ARCH = YES;
				SDKROOT = iphoneos;
				SWIFT_ACTIVE_COMPILATION_CONDITIONS = DEBUG;
				SWIFT_OPTIMIZATION_LEVEL = "-Onone";
			};
			name = Debug;
		};
		49D770461DC7233D001C0D70 /* Release */ = {
			isa = XCBuildConfiguration;
			buildSettings = {
				ALWAYS_SEARCH_USER_PATHS = NO;
				CLANG_ANALYZER_NONNULL = YES;
				CLANG_CXX_LANGUAGE_STANDARD = "gnu++0x";
				CLANG_CXX_LIBRARY = "libc++";
				CLANG_ENABLE_MODULES = YES;
				CLANG_ENABLE_OBJC_ARC = YES;
				CLANG_WARN_BOOL_CONVERSION = YES;
				CLANG_WARN_CONSTANT_CONVERSION = YES;
				CLANG_WARN_DIRECT_OBJC_ISA_USAGE = YES_ERROR;
				CLANG_WARN_DOCUMENTATION_COMMENTS = YES;
				CLANG_WARN_EMPTY_BODY = YES;
				CLANG_WARN_ENUM_CONVERSION = YES;
				CLANG_WARN_INFINITE_RECURSION = YES;
				CLANG_WARN_INT_CONVERSION = YES;
				CLANG_WARN_OBJC_ROOT_CLASS = YES_ERROR;
				CLANG_WARN_SUSPICIOUS_MOVES = YES;
				CLANG_WARN_UNREACHABLE_CODE = YES;
				CLANG_WARN__DUPLICATE_METHOD_MATCH = YES;
				"CODE_SIGN_IDENTITY[sdk=iphoneos*]" = "iPhone Developer";
				COPY_PHASE_STRIP = NO;
				DEBUG_INFORMATION_FORMAT = "dwarf-with-dsym";
				ENABLE_NS_ASSERTIONS = NO;
				ENABLE_STRICT_OBJC_MSGSEND = YES;
				GCC_C_LANGUAGE_STANDARD = gnu99;
				GCC_NO_COMMON_BLOCKS = YES;
				GCC_WARN_64_TO_32_BIT_CONVERSION = YES;
				GCC_WARN_ABOUT_RETURN_TYPE = YES_ERROR;
				GCC_WARN_UNDECLARED_SELECTOR = YES;
				GCC_WARN_UNINITIALIZED_AUTOS = YES_AGGRESSIVE;
				GCC_WARN_UNUSED_FUNCTION = YES;
				GCC_WARN_UNUSED_VARIABLE = YES;
				IPHONEOS_DEPLOYMENT_TARGET = 10.0;
				MTL_ENABLE_DEBUG_INFO = NO;
				SDKROOT = iphoneos;
				SWIFT_OPTIMIZATION_LEVEL = "-Owholemodule";
				VALIDATE_PRODUCT = YES;
			};
			name = Release;
		};
		49D770481DC7233D001C0D70 /* Debug */ = {
			isa = XCBuildConfiguration;
			baseConfigurationReference = 40B7BA2CF6C6C68170A23D77 /* Pods.debug.xcconfig */;
			buildSettings = {
				ASSETCATALOG_COMPILER_APPICON_NAME = AppIcon;
				DEVELOPMENT_TEAM = DA9X37GALQ;
				INFOPLIST_FILE = "Questionnaire Project/Info.plist";
				IPHONEOS_DEPLOYMENT_TARGET = 10.0;
				LD_RUNPATH_SEARCH_PATHS = "$(inherited) @executable_path/Frameworks";
				PRODUCT_BUNDLE_IDENTIFIER = "com.tongli.Questionnaire-Project";
				PRODUCT_NAME = "$(TARGET_NAME)";
				SWIFT_VERSION = 3.0;
			};
			name = Debug;
		};
		49D770491DC7233D001C0D70 /* Release */ = {
			isa = XCBuildConfiguration;
			baseConfigurationReference = 667F404E667FAB8173A13ED9 /* Pods.release.xcconfig */;
			buildSettings = {
				ASSETCATALOG_COMPILER_APPICON_NAME = AppIcon;
				DEVELOPMENT_TEAM = DA9X37GALQ;
				INFOPLIST_FILE = "Questionnaire Project/Info.plist";
				IPHONEOS_DEPLOYMENT_TARGET = 10.0;
				LD_RUNPATH_SEARCH_PATHS = "$(inherited) @executable_path/Frameworks";
				PRODUCT_BUNDLE_IDENTIFIER = "com.tongli.Questionnaire-Project";
				PRODUCT_NAME = "$(TARGET_NAME)";
				SWIFT_VERSION = 3.0;
			};
			name = Release;
		};
		49D7704B1DC7233D001C0D70 /* Debug */ = {
			isa = XCBuildConfiguration;
			buildSettings = {
				ALWAYS_EMBED_SWIFT_STANDARD_LIBRARIES = YES;
				BUNDLE_LOADER = "$(TEST_HOST)";
				DEVELOPMENT_TEAM = DA9X37GALQ;
				INFOPLIST_FILE = "Questionnaire ProjectTests/Info.plist";
				LD_RUNPATH_SEARCH_PATHS = "$(inherited) @executable_path/Frameworks @loader_path/Frameworks";
				PRODUCT_BUNDLE_IDENTIFIER = "com.tongli.Questionnaire-ProjectTests";
				PRODUCT_NAME = "$(TARGET_NAME)";
				SWIFT_VERSION = 3.0;
				TEST_HOST = "$(BUILT_PRODUCTS_DIR)/Questionnaire Project.app/Questionnaire Project";
			};
			name = Debug;
		};
		49D7704C1DC7233D001C0D70 /* Release */ = {
			isa = XCBuildConfiguration;
			buildSettings = {
				ALWAYS_EMBED_SWIFT_STANDARD_LIBRARIES = YES;
				BUNDLE_LOADER = "$(TEST_HOST)";
				DEVELOPMENT_TEAM = DA9X37GALQ;
				INFOPLIST_FILE = "Questionnaire ProjectTests/Info.plist";
				LD_RUNPATH_SEARCH_PATHS = "$(inherited) @executable_path/Frameworks @loader_path/Frameworks";
				PRODUCT_BUNDLE_IDENTIFIER = "com.tongli.Questionnaire-ProjectTests";
				PRODUCT_NAME = "$(TARGET_NAME)";
				SWIFT_VERSION = 3.0;
				TEST_HOST = "$(BUILT_PRODUCTS_DIR)/Questionnaire Project.app/Questionnaire Project";
			};
			name = Release;
		};
/* End XCBuildConfiguration section */

/* Begin XCConfigurationList section */
		49D770211DC7233C001C0D70 /* Build configuration list for PBXProject "Questionnaire Project" */ = {
			isa = XCConfigurationList;
			buildConfigurations = (
				49D770451DC7233D001C0D70 /* Debug */,
				49D770461DC7233D001C0D70 /* Release */,
			);
			defaultConfigurationIsVisible = 0;
			defaultConfigurationName = Release;
		};
		49D770471DC7233D001C0D70 /* Build configuration list for PBXNativeTarget "Questionnaire Project" */ = {
			isa = XCConfigurationList;
			buildConfigurations = (
				49D770481DC7233D001C0D70 /* Debug */,
				49D770491DC7233D001C0D70 /* Release */,
			);
			defaultConfigurationIsVisible = 0;
			defaultConfigurationName = Release;
		};
		49D7704A1DC7233D001C0D70 /* Build configuration list for PBXNativeTarget "Questionnaire ProjectTests" */ = {
			isa = XCConfigurationList;
			buildConfigurations = (
				49D7704B1DC7233D001C0D70 /* Debug */,
				49D7704C1DC7233D001C0D70 /* Release */,
			);
			defaultConfigurationIsVisible = 0;
			defaultConfigurationName = Release;
		};
/* End XCConfigurationList section */

/* Begin XCVersionGroup section */
		49BC42DF1DC87CBD008BDB9E /* Model.xcdatamodeld */ = {
			isa = XCVersionGroup;
			children = (
				49BC42E01DC87CBD008BDB9E /* Model.xcdatamodel */,
			);
			currentVersion = 49BC42E01DC87CBD008BDB9E /* Model.xcdatamodel */;
			path = Model.xcdatamodeld;
			sourceTree = "<group>";
			versionGroupType = wrapper.xcdatamodel;
		};
/* End XCVersionGroup section */
	};
	rootObject = 49D7701E1DC7233C001C0D70 /* Project object */;
}
